
Microsoft Visual Studio Solution File, Format Version 12.00
# Visual Studio Version 17
VisualStudioVersion = 17.8.34525.116
MinimumVisualStudioVersion = 10.0.40219.1
Project("{FAE04EC0-301F-11D3-BF4B-00C04F79EFBC}") = "parte8_Guia_HttpHelper", "parte8_Guia_HttpHelper\parte8_Guia_HttpHelper.csproj", "{6DF026BF-1BCF-4FFD-9102-B282B1513FE5}"
EndProject
Global
	GlobalSection(SolutionConfigurationPlatforms) = preSolution
		Debug|Any CPU = Debug|Any CPU
		Release|Any CPU = Release|Any CPU
	EndGlobalSection
	GlobalSection(ProjectConfigurationPlatforms) = postSolution
		{6DF026BF-1BCF-4FFD-9102-B282B1513FE5}.Debug|Any CPU.ActiveCfg = Debug|Any CPU
		{6DF026BF-1BCF-4FFD-9102-B282B1513FE5}.Debug|Any CPU.Build.0 = Debug|Any CPU
		{6DF026BF-1BCF-4FFD-9102-B282B1513FE5}.Release|Any CPU.ActiveCfg = Release|Any CPU
		{6DF026BF-1BCF-4FFD-9102-B282B1513FE5}.Release|Any CPU.Build.0 = Release|Any CPU
	EndGlobalSection
	GlobalSection(SolutionProperties) = preSolution
		HideSolutionNode = FALSE
	EndGlobalSection
	GlobalSection(ExtensibilityGlobals) = postSolution
		SolutionGuid = {D0CCFA76-BEC2-4926-B0D1-F60BAC97DD7A}
	EndGlobalSection
EndGlobal
